
Microsoft Visual Studio Solution File, Format Version 12.00
# Visual Studio Version 17
VisualStudioVersion = 17.3.32901.215
MinimumVisualStudioVersion = 10.0.40219.1
Project("{FAE04EC0-301F-11D3-BF4B-00C04F79EFBC}") = "Broker", "Broker\Broker.csproj", "{1AC1CF31-B0B0-CE3C-050A-9457C699F148}"
EndProject
Project("{FAE04EC0-301F-11D3-BF4B-00C04F79EFBC}") = "Standard_Client", "Standard_Client\Standard_Client.csproj", "{3576E1D0-B062-4B0C-A9EB-0863365649C6}"
EndProject
Project("{FAE04EC0-301F-11D3-BF4B-00C04F79EFBC}") = "SSL_Client", "SSL_Client\SSL_Client.csproj", "{6F335D39-BB04-4AB8-B789-302D2F4D3114}"
EndProject
Global
	GlobalSection(SolutionConfigurationPlatforms) = preSolution
		Debug|Any CPU = Debug|Any CPU
		Release|Any CPU = Release|Any CPU
	EndGlobalSection
	GlobalSection(ProjectConfigurationPlatforms) = postSolution
		{1AC1CF31-B0B0-CE3C-050A-9457C699F148}.Debug|Any CPU.ActiveCfg = Debug|Any CPU
		{1AC1CF31-B0B0-CE3C-050A-9457C699F148}.Debug|Any CPU.Build.0 = Debug|Any CPU
		{1AC1CF31-B0B0-CE3C-050A-9457C699F148}.Release|Any CPU.ActiveCfg = Release|Any CPU
		{1AC1CF31-B0B0-CE3C-050A-9457C699F148}.Release|Any CPU.Build.0 = Release|Any CPU
		{3576E1D0-B062-4B0C-A9EB-0863365649C6}.Debug|Any CPU.ActiveCfg = Debug|Any CPU
		{3576E1D0-B062-4B0C-A9EB-0863365649C6}.Debug|Any CPU.Build.0 = Debug|Any CPU
		{3576E1D0-B062-4B0C-A9EB-0863365649C6}.Release|Any CPU.ActiveCfg = Release|Any CPU
		{3576E1D0-B062-4B0C-A9EB-0863365649C6}.Release|Any CPU.Build.0 = Release|Any CPU
		{6F335D39-BB04-4AB8-B789-302D2F4D3114}.Debug|Any CPU.ActiveCfg = Debug|Any CPU
		{6F335D39-BB04-4AB8-B789-302D2F4D3114}.Debug|Any CPU.Build.0 = Debug|Any CPU
		{6F335D39-BB04-4AB8-B789-302D2F4D3114}.Release|Any CPU.ActiveCfg = Release|Any CPU
		{6F335D39-BB04-4AB8-B789-302D2F4D3114}.Release|Any CPU.Build.0 = Release|Any CPU
	EndGlobalSection
	GlobalSection(SolutionProperties) = preSolution
		HideSolutionNode = FALSE
	EndGlobalSection
	GlobalSection(ExtensibilityGlobals) = postSolution
		SolutionGuid = {3B8BC114-F5A0-497E-9C6E-EC7F007E40C2}
	EndGlobalSection
EndGlobal
